
Microsoft Visual Studio Solution File, Format Version 12.00
# Visual Studio Version 17
VisualStudioVersion = 17.6.33723.286
MinimumVisualStudioVersion = 10.0.40219.1
Project("{9A19103F-16F7-4668-BE54-9A1E7A4F7556}") = "PineMemoryIO", "PineMemoryIO\PineMemoryIO.csproj", "{5A0D6D9D-E292-48AC-AD27-192D777BA646}"
EndProject
Global
	GlobalSection(SolutionConfigurationPlatforms) = preSolution
		Debug|Any CPU = Debug|Any CPU
		Release|Any CPU = Release|Any CPU
	EndGlobalSection
	GlobalSection(ProjectConfigurationPlatforms) = postSolution
		{5A0D6D9D-E292-48AC-AD27-192D777BA646}.Debug|Any CPU.ActiveCfg = Debug|Any CPU
		{5A0D6D9D-E292-48AC-AD27-192D777BA646}.Debug|Any CPU.Build.0 = Debug|Any CPU
		{5A0D6D9D-E292-48AC-AD27-192D777BA646}.Release|Any CPU.ActiveCfg = Release|Any CPU
		{5A0D6D9D-E292-48AC-AD27-192D777BA646}.Release|Any CPU.Build.0 = Release|Any CPU
	EndGlobalSection
	GlobalSection(SolutionProperties) = preSolution
		HideSolutionNode = FALSE
	EndGlobalSection
	GlobalSection(ExtensibilityGlobals) = postSolution
		SolutionGuid = {093BBE5F-54D8-48C9-BE31-B6ABFA5E27B7}
	EndGlobalSection
EndGlobal
